
Microsoft Visual Studio Solution File, Format Version 12.00
# Visual Studio Version 16
VisualStudioVersion = 16.0.31829.152
MinimumVisualStudioVersion = 10.0.40219.1
Project("{FAE04EC0-301F-11D3-BF4B-00C04F79EFBC}") = "Entidades", "Entidades\Entidades.csproj", "{6E5A2398-3A15-4CD0-9B5B-68699334F20C}"
EndProject
Project("{FAE04EC0-301F-11D3-BF4B-00C04F79EFBC}") = "Dal", "Dal\Dal.csproj", "{6D2C7625-9116-498E-87AA-E00438F518CE}"
EndProject
Project("{FAE04EC0-301F-11D3-BF4B-00C04F79EFBC}") = "Bll", "Bll\Bll.csproj", "{4139F78E-34DE-48D0-BC2F-6F8CEE17444E}"
EndProject
Project("{FAE04EC0-301F-11D3-BF4B-00C04F79EFBC}") = "TiendaPl", "TiendaPl\TiendaPl.csproj", "{7E7FB2DD-3B50-4D9F-BE3B-47A73D49CA09}"
EndProject
Project("{FAE04EC0-301F-11D3-BF4B-00C04F79EFBC}") = "BllTest", "BllTest\BllTest.csproj", "{84FB416C-EC3F-46A0-9261-B71DA82513C3}"
EndProject
Global
	GlobalSection(SolutionConfigurationPlatforms) = preSolution
		Debug|Any CPU = Debug|Any CPU
		Release|Any CPU = Release|Any CPU
	EndGlobalSection
	GlobalSection(ProjectConfigurationPlatforms) = postSolution
		{6E5A2398-3A15-4CD0-9B5B-68699334F20C}.Debug|Any CPU.ActiveCfg = Debug|Any CPU
		{6E5A2398-3A15-4CD0-9B5B-68699334F20C}.Debug|Any CPU.Build.0 = Debug|Any CPU
		{6E5A2398-3A15-4CD0-9B5B-68699334F20C}.Release|Any CPU.ActiveCfg = Release|Any CPU
		{6E5A2398-3A15-4CD0-9B5B-68699334F20C}.Release|Any CPU.Build.0 = Release|Any CPU
		{6D2C7625-9116-498E-87AA-E00438F518CE}.Debug|Any CPU.ActiveCfg = Debug|Any CPU
		{6D2C7625-9116-498E-87AA-E00438F518CE}.Debug|Any CPU.Build.0 = Debug|Any CPU
		{6D2C7625-9116-498E-87AA-E00438F518CE}.Release|Any CPU.ActiveCfg = Release|Any CPU
		{6D2C7625-9116-498E-87AA-E00438F518CE}.Release|Any CPU.Build.0 = Release|Any CPU
		{4139F78E-34DE-48D0-BC2F-6F8CEE17444E}.Debug|Any CPU.ActiveCfg = Debug|Any CPU
		{4139F78E-34DE-48D0-BC2F-6F8CEE17444E}.Debug|Any CPU.Build.0 = Debug|Any CPU
		{4139F78E-34DE-48D0-BC2F-6F8CEE17444E}.Release|Any CPU.ActiveCfg = Release|Any CPU
		{4139F78E-34DE-48D0-BC2F-6F8CEE17444E}.Release|Any CPU.Build.0 = Release|Any CPU
		{7E7FB2DD-3B50-4D9F-BE3B-47A73D49CA09}.Debug|Any CPU.ActiveCfg = Debug|Any CPU
		{7E7FB2DD-3B50-4D9F-BE3B-47A73D49CA09}.Debug|Any CPU.Build.0 = Debug|Any CPU
		{7E7FB2DD-3B50-4D9F-BE3B-47A73D49CA09}.Release|Any CPU.ActiveCfg = Release|Any CPU
		{7E7FB2DD-3B50-4D9F-BE3B-47A73D49CA09}.Release|Any CPU.Build.0 = Release|Any CPU
		{84FB416C-EC3F-46A0-9261-B71DA82513C3}.Debug|Any CPU.ActiveCfg = Debug|Any CPU
		{84FB416C-EC3F-46A0-9261-B71DA82513C3}.Debug|Any CPU.Build.0 = Debug|Any CPU
		{84FB416C-EC3F-46A0-9261-B71DA82513C3}.Release|Any CPU.ActiveCfg = Release|Any CPU
		{84FB416C-EC3F-46A0-9261-B71DA82513C3}.Release|Any CPU.Build.0 = Release|Any CPU
	EndGlobalSection
	GlobalSection(SolutionProperties) = preSolution
		HideSolutionNode = FALSE
	EndGlobalSection
	GlobalSection(ExtensibilityGlobals) = postSolution
		SolutionGuid = {B83C1100-E549-4D94-954E-0E2C5F36214B}
	EndGlobalSection
EndGlobal
